PODS:
  - AeroGear-Push-Swift (1.2.0)
  - AeroGearHttp (0.6.0)
  - AFNetworking (2.5.4):
    - AFNetworking/NSURLConnection (= 2.5.4)
    - AFNetworking/NSURLSession (= 2.5.4)
    - AFNetworking/Reachability (= 2.5.4)
    - AFNetworking/Security (= 2.5.4)
    - AFNetworking/Serialization (= 2.5.4)
    - AFNetworking/UIKit (= 2.5.4)
  - AFNetworking/NSURLConnection (2.5.4):
    - AFNetworking/Reachability
    - AFNetworking/Security
    - AFNetworking/Serialization
  - AFNetworking/NSURLSession (2.5.4):
    - AFNetworking/Reachability
    - AFNetworking/Security
    - AFNetworking/Serialization
  - AFNetworking/Reachability (2.5.4)
  - AFNetworking/Security (2.5.4)
  - AFNetworking/Serialization (2.5.4)
  - AFNetworking/UIKit (2.5.4):
    - AFNetworking/NSURLConnection
    - AFNetworking/NSURLSession
  - FeedHenry (4.1.2):
    - AeroGear-Push-Swift (= 1.2.0)
    - AeroGearHttp (= 0.6.0)
    - ReachabilitySwift (= 2.3.3)
  - MBProgressHUD (1.0.0)
  - ReachabilitySwift (2.3.3)
  - Stripe (4.0.3):
    - Stripe/Checkout (= 4.0.3)
    - Stripe/Core (= 4.0.3)
  - Stripe/Checkout (4.0.3):
    - Stripe/Core
  - Stripe/Core (4.0.3)
  - SwiftSignatureView (1.0.3)

DEPENDENCIES:
  - AFNetworking (~> 2.5.4)
  - FeedHenry (from `https://github.com/feedhenry/fh-ios-swift-sdk.git`, branch `4.1.2`)
  - MBProgressHUD (~> 1.0.0)
  - Stripe (~> 4.0)
  - SwiftSignatureView (~> 1.0.3)

EXTERNAL SOURCES:
  FeedHenry:
    :branch: 4.1.2
    :git: https://github.com/feedhenry/fh-ios-swift-sdk.git

CHECKOUT OPTIONS:
  FeedHenry:
    :commit: 51cfbbb14bdacbbcd64ebb6e374439d34c543967
    :git: https://github.com/feedhenry/fh-ios-swift-sdk.git

SPEC CHECKSUMS:
  AeroGear-Push-Swift: 2b6ada18939e58d003e6a2315c22be22556048b1
  AeroGearHttp: e958f301cc2d1c7fbfd4b61af187ea3490040a48
  AFNetworking: 05edc0ac4c4c8cf57bcf4b84be5b0744b6d8e71e
  FeedHenry: 68e0c199ab73fb2c64e8711511acf64d1c88028b
  MBProgressHUD: 4890f671c94e8a0f3cf959aa731e9de2f036d71a
  ReachabilitySwift: e0f6b6f280effb47731acfaaa2d5ffe223703793
  Stripe: 43a4307dc789483a61668d187c4a917d1348b0b6
  SwiftSignatureView: d02811d7ee09507d4ec788f38c83e21e7220e246

PODFILE CHECKSUM: 907ea1ca23244f1891c3d4f24e508b06769f5433

COCOAPODS: 1.1.0
